
Microsoft Visual Studio Solution File, Format Version 12.00
# Visual Studio Version 17
VisualStudioVersion = 17.9.34622.214
MinimumVisualStudioVersion = 10.0.40219.1
Project("{FAE04EC0-301F-11D3-BF4B-00C04F79EFBC}") = "Task4", "Task4\Task4.csproj", "{1BB67F8D-20B4-4E49-9BDE-0875F128EDC0}"
EndProject
Global
	GlobalSection(SolutionConfigurationPlatforms) = preSolution
		Debug|Any CPU = Debug|Any CPU
		Release|Any CPU = Release|Any CPU
	EndGlobalSection
	GlobalSection(ProjectConfigurationPlatforms) = postSolution
		{1BB67F8D-20B4-4E49-9BDE-0875F128EDC0}.Debug|Any CPU.ActiveCfg = Debug|Any CPU
		{1BB67F8D-20B4-4E49-9BDE-0875F128EDC0}.Debug|Any CPU.Build.0 = Debug|Any CPU
		{1BB67F8D-20B4-4E49-9BDE-0875F128EDC0}.Release|Any CPU.ActiveCfg = Release|Any CPU
		{1BB67F8D-20B4-4E49-9BDE-0875F128EDC0}.Release|Any CPU.Build.0 = Release|Any CPU
	EndGlobalSection
	GlobalSection(SolutionProperties) = preSolution
		HideSolutionNode = FALSE
	EndGlobalSection
	GlobalSection(ExtensibilityGlobals) = postSolution
		SolutionGuid = {7001C687-0351-4FCC-AC35-0CD0847DF80C}
	EndGlobalSection
EndGlobal
